
Microsoft Visual Studio Solution File, Format Version 12.00
# Visual Studio 2013
VisualStudioVersion = 12.0.21005.1
MinimumVisualStudioVersion = 10.0.40219.1
Project("{FAE04EC0-301F-11D3-BF4B-00C04F79EFBC}") = "WEB", "WebApplication1\WEB.csproj", "{36D718B1-26FC-4D03-94B9-8597EF259F5E}"
EndProject
Project("{FAE04EC0-301F-11D3-BF4B-00C04F79EFBC}") = "DAL", "Project1\DAL.csproj", "{1769D777-13E0-4226-B77C-0850E754EF16}"
EndProject
Global
	GlobalSection(SolutionConfigurationPlatforms) = preSolution
		Debug|Any CPU = Debug|Any CPU
		Release|Any CPU = Release|Any CPU
	EndGlobalSection
	GlobalSection(ProjectConfigurationPlatforms) = postSolution
		{36D718B1-26FC-4D03-94B9-8597EF259F5E}.Debug|Any CPU.ActiveCfg = Debug|Any CPU
		{36D718B1-26FC-4D03-94B9-8597EF259F5E}.Debug|Any CPU.Build.0 = Debug|Any CPU
		{36D718B1-26FC-4D03-94B9-8597EF259F5E}.Release|Any CPU.ActiveCfg = Release|Any CPU
		{36D718B1-26FC-4D03-94B9-8597EF259F5E}.Release|Any CPU.Build.0 = Release|Any CPU
		{1769D777-13E0-4226-B77C-0850E754EF16}.Debug|Any CPU.ActiveCfg = Debug|Any CPU
		{1769D777-13E0-4226-B77C-0850E754EF16}.Debug|Any CPU.Build.0 = Debug|Any CPU
		{1769D777-13E0-4226-B77C-0850E754EF16}.Release|Any CPU.ActiveCfg = Release|Any CPU
		{1769D777-13E0-4226-B77C-0850E754EF16}.Release|Any CPU.Build.0 = Release|Any CPU
	EndGlobalSection
	GlobalSection(SolutionProperties) = preSolution
		HideSolutionNode = FALSE
	EndGlobalSection
EndGlobal
