
Microsoft Visual Studio Solution File, Format Version 12.00
# Visual Studio 2013
VisualStudioVersion = 12.0.31101.0
MinimumVisualStudioVersion = 10.0.40219.1
Project("{FAE04EC0-301F-11D3-BF4B-00C04F79EFBC}") = "Gabbler.Core", "Gabbler.Core\Gabbler.Core.csproj", "{BA687864-D775-4497-BFDF-4D3C13234620}"
EndProject
Project("{FAE04EC0-301F-11D3-BF4B-00C04F79EFBC}") = "Gabbler.DAL", "Gabbler.DAL\Gabbler.DAL.csproj", "{1769D777-13E0-4226-B77C-0850E754EF16}"
EndProject
Project("{FAE04EC0-301F-11D3-BF4B-00C04F79EFBC}") = "Gabbler.gApi", "Gabbler.gApi\Gabbler.gApi.csproj", "{D75795AB-4216-4722-9EF8-41656B962D1C}"
EndProject
Project("{2150E333-8FDC-42A3-9474-1A3956D46DE8}") = "HelperSoft", "HelperSoft", "{0283245A-378A-429F-ACD6-E4C3423971F0}"
EndProject
Project("{FAE04EC0-301F-11D3-BF4B-00C04F79EFBC}") = "ApiReader", "ApiReader\ApiReader.csproj", "{7AD0719B-CF96-4C5C-BCAC-B9D03595B1F5}"
EndProject
Project("{FAE04EC0-301F-11D3-BF4B-00C04F79EFBC}") = "ApiReader.Core", "ApiReader.Core\ApiReader.Core.csproj", "{790AA725-E079-43B0-97AF-F140824C8AD2}"
EndProject
Global
	GlobalSection(SolutionConfigurationPlatforms) = preSolution
		Debug|Any CPU = Debug|Any CPU
		Release|Any CPU = Release|Any CPU
	EndGlobalSection
	GlobalSection(ProjectConfigurationPlatforms) = postSolution
		{BA687864-D775-4497-BFDF-4D3C13234620}.Debug|Any CPU.ActiveCfg = Debug|Any CPU
		{BA687864-D775-4497-BFDF-4D3C13234620}.Debug|Any CPU.Build.0 = Debug|Any CPU
		{BA687864-D775-4497-BFDF-4D3C13234620}.Release|Any CPU.ActiveCfg = Release|Any CPU
		{BA687864-D775-4497-BFDF-4D3C13234620}.Release|Any CPU.Build.0 = Release|Any CPU
		{1769D777-13E0-4226-B77C-0850E754EF16}.Debug|Any CPU.ActiveCfg = Debug|Any CPU
		{1769D777-13E0-4226-B77C-0850E754EF16}.Debug|Any CPU.Build.0 = Debug|Any CPU
		{1769D777-13E0-4226-B77C-0850E754EF16}.Release|Any CPU.ActiveCfg = Release|Any CPU
		{1769D777-13E0-4226-B77C-0850E754EF16}.Release|Any CPU.Build.0 = Release|Any CPU
		{D75795AB-4216-4722-9EF8-41656B962D1C}.Debug|Any CPU.ActiveCfg = Debug|Any CPU
		{D75795AB-4216-4722-9EF8-41656B962D1C}.Debug|Any CPU.Build.0 = Debug|Any CPU
		{D75795AB-4216-4722-9EF8-41656B962D1C}.Release|Any CPU.ActiveCfg = Release|Any CPU
		{D75795AB-4216-4722-9EF8-41656B962D1C}.Release|Any CPU.Build.0 = Release|Any CPU
		{7AD0719B-CF96-4C5C-BCAC-B9D03595B1F5}.Debug|Any CPU.ActiveCfg = Debug|Any CPU
		{7AD0719B-CF96-4C5C-BCAC-B9D03595B1F5}.Debug|Any CPU.Build.0 = Debug|Any CPU
		{7AD0719B-CF96-4C5C-BCAC-B9D03595B1F5}.Release|Any CPU.ActiveCfg = Release|Any CPU
		{7AD0719B-CF96-4C5C-BCAC-B9D03595B1F5}.Release|Any CPU.Build.0 = Release|Any CPU
		{790AA725-E079-43B0-97AF-F140824C8AD2}.Debug|Any CPU.ActiveCfg = Debug|Any CPU
		{790AA725-E079-43B0-97AF-F140824C8AD2}.Debug|Any CPU.Build.0 = Debug|Any CPU
		{790AA725-E079-43B0-97AF-F140824C8AD2}.Release|Any CPU.ActiveCfg = Release|Any CPU
		{790AA725-E079-43B0-97AF-F140824C8AD2}.Release|Any CPU.Build.0 = Release|Any CPU
	EndGlobalSection
	GlobalSection(SolutionProperties) = preSolution
		HideSolutionNode = FALSE
	EndGlobalSection
	GlobalSection(NestedProjects) = preSolution
		{7AD0719B-CF96-4C5C-BCAC-B9D03595B1F5} = {0283245A-378A-429F-ACD6-E4C3423971F0}
		{790AA725-E079-43B0-97AF-F140824C8AD2} = {0283245A-378A-429F-ACD6-E4C3423971F0}
	EndGlobalSection
EndGlobal
